
Microsoft Visual Studio Solution File, Format Version 12.00
# Visual Studio Version 17
VisualStudioVersion = 17.14.36414.22 d17.14
MinimumVisualStudioVersion = 10.0.40219.1
Project("{FAE04EC0-301F-11D3-BF4B-00C04F79EFBC}") = "menuEx", "menuEx\menuEx.csproj", "{9D691C56-1F31-4FD0-B2E6-863B980C0288}"
EndProject
Project("{FAE04EC0-301F-11D3-BF4B-00C04F79EFBC}") = "Baitap", "Baitap\Baitap.csproj", "{4FF9BBE8-FF89-42B8-8FD3-7A713D98A2F2}"
EndProject
Global
	GlobalSection(SolutionConfigurationPlatforms) = preSolution
		Debug|Any CPU = Debug|Any CPU
		Release|Any CPU = Release|Any CPU
	EndGlobalSection
	GlobalSection(ProjectConfigurationPlatforms) = postSolution
		{9D691C56-1F31-4FD0-B2E6-863B980C0288}.Debug|Any CPU.ActiveCfg = Debug|Any CPU
		{9D691C56-1F31-4FD0-B2E6-863B980C0288}.Debug|Any CPU.Build.0 = Debug|Any CPU
		{9D691C56-1F31-4FD0-B2E6-863B980C0288}.Release|Any CPU.ActiveCfg = Release|Any CPU
		{9D691C56-1F31-4FD0-B2E6-863B980C0288}.Release|Any CPU.Build.0 = Release|Any CPU
		{4FF9BBE8-FF89-42B8-8FD3-7A713D98A2F2}.Debug|Any CPU.ActiveCfg = Debug|Any CPU
		{4FF9BBE8-FF89-42B8-8FD3-7A713D98A2F2}.Debug|Any CPU.Build.0 = Debug|Any CPU
		{4FF9BBE8-FF89-42B8-8FD3-7A713D98A2F2}.Release|Any CPU.ActiveCfg = Release|Any CPU
		{4FF9BBE8-FF89-42B8-8FD3-7A713D98A2F2}.Release|Any CPU.Build.0 = Release|Any CPU
	EndGlobalSection
	GlobalSection(SolutionProperties) = preSolution
		HideSolutionNode = FALSE
	EndGlobalSection
	GlobalSection(ExtensibilityGlobals) = postSolution
		SolutionGuid = {24D949FB-683F-4AAA-AE94-5F533731C66F}
	EndGlobalSection
EndGlobal
