
Microsoft Visual Studio Solution File, Format Version 12.00
# Visual Studio Version 17
VisualStudioVersion = 17.14.36414.22 d17.14
MinimumVisualStudioVersion = 10.0.40219.1
Project("{FAE04EC0-301F-11D3-BF4B-00C04F79EFBC}") = "Bai1_Thuchanh", "Bai1_Thuchanh\Bai1_Thuchanh.csproj", "{F41B853C-65A6-41C8-909C-1D015D0E229E}"
EndProject
Project("{FAE04EC0-301F-11D3-BF4B-00C04F79EFBC}") = "Bai2_Thuchanh", "Bai2_Thuchanh\Bai2_Thuchanh.csproj", "{5DD3D733-8984-4090-A591-7903CC83D1DC}"
EndProject
Project("{FAE04EC0-301F-11D3-BF4B-00C04F79EFBC}") = "bai3_Thuchanh", "bai3_Thuchanh\bai3_Thuchanh.csproj", "{CD5D0DCF-749F-451B-81F0-FD1408F560A1}"
EndProject
Global
	GlobalSection(SolutionConfigurationPlatforms) = preSolution
		Debug|Any CPU = Debug|Any CPU
		Release|Any CPU = Release|Any CPU
	EndGlobalSection
	GlobalSection(ProjectConfigurationPlatforms) = postSolution
		{F41B853C-65A6-41C8-909C-1D015D0E229E}.Debug|Any CPU.ActiveCfg = Debug|Any CPU
		{F41B853C-65A6-41C8-909C-1D015D0E229E}.Debug|Any CPU.Build.0 = Debug|Any CPU
		{F41B853C-65A6-41C8-909C-1D015D0E229E}.Release|Any CPU.ActiveCfg = Release|Any CPU
		{F41B853C-65A6-41C8-909C-1D015D0E229E}.Release|Any CPU.Build.0 = Release|Any CPU
		{5DD3D733-8984-4090-A591-7903CC83D1DC}.Debug|Any CPU.ActiveCfg = Debug|Any CPU
		{5DD3D733-8984-4090-A591-7903CC83D1DC}.Debug|Any CPU.Build.0 = Debug|Any CPU
		{5DD3D733-8984-4090-A591-7903CC83D1DC}.Release|Any CPU.ActiveCfg = Release|Any CPU
		{5DD3D733-8984-4090-A591-7903CC83D1DC}.Release|Any CPU.Build.0 = Release|Any CPU
		{CD5D0DCF-749F-451B-81F0-FD1408F560A1}.Debug|Any CPU.ActiveCfg = Debug|Any CPU
		{CD5D0DCF-749F-451B-81F0-FD1408F560A1}.Debug|Any CPU.Build.0 = Debug|Any CPU
		{CD5D0DCF-749F-451B-81F0-FD1408F560A1}.Release|Any CPU.ActiveCfg = Release|Any CPU
		{CD5D0DCF-749F-451B-81F0-FD1408F560A1}.Release|Any CPU.Build.0 = Release|Any CPU
	EndGlobalSection
	GlobalSection(SolutionProperties) = preSolution
		HideSolutionNode = FALSE
	EndGlobalSection
	GlobalSection(ExtensibilityGlobals) = postSolution
		SolutionGuid = {E9278143-5334-4F2A-994C-A78C8E48099B}
	EndGlobalSection
EndGlobal
