
Microsoft Visual Studio Solution File, Format Version 12.00
# Visual Studio Version 17
VisualStudioVersion = 17.14.36414.22 d17.14
MinimumVisualStudioVersion = 10.0.40219.1
Project("{FAE04EC0-301F-11D3-BF4B-00C04F79EFBC}") = "Day12_Lab", "Day12_Lab\Day12_Lab.csproj", "{07CD6BF9-7C13-4430-9295-ED9769A462EB}"
EndProject
Global
	GlobalSection(SolutionConfigurationPlatforms) = preSolution
		Debug|Any CPU = Debug|Any CPU
		Release|Any CPU = Release|Any CPU
	EndGlobalSection
	GlobalSection(ProjectConfigurationPlatforms) = postSolution
		{07CD6BF9-7C13-4430-9295-ED9769A462EB}.Debug|Any CPU.ActiveCfg = Debug|Any CPU
		{07CD6BF9-7C13-4430-9295-ED9769A462EB}.Debug|Any CPU.Build.0 = Debug|Any CPU
		{07CD6BF9-7C13-4430-9295-ED9769A462EB}.Release|Any CPU.ActiveCfg = Release|Any CPU
		{07CD6BF9-7C13-4430-9295-ED9769A462EB}.Release|Any CPU.Build.0 = Release|Any CPU
	EndGlobalSection
	GlobalSection(SolutionProperties) = preSolution
		HideSolutionNode = FALSE
	EndGlobalSection
	GlobalSection(ExtensibilityGlobals) = postSolution
		SolutionGuid = {3A31FE6D-3E7B-49A7-B0AE-DC1596C16043}
	EndGlobalSection
EndGlobal
