
Microsoft Visual Studio Solution File, Format Version 12.00
# Visual Studio Version 17
VisualStudioVersion = 17.14.36414.22 d17.14
MinimumVisualStudioVersion = 10.0.40219.1
Project("{FAE04EC0-301F-11D3-BF4B-00C04F79EFBC}") = "NetCoreMVCLab03", "NetCoreMVCLab03\NetCoreMVCLab03.csproj", "{DAFA8FC9-CE13-48CA-BBC1-D5D4189523B0}"
EndProject
Global
	GlobalSection(SolutionConfigurationPlatforms) = preSolution
		Debug|Any CPU = Debug|Any CPU
		Release|Any CPU = Release|Any CPU
	EndGlobalSection
	GlobalSection(ProjectConfigurationPlatforms) = postSolution
		{DAFA8FC9-CE13-48CA-BBC1-D5D4189523B0}.Debug|Any CPU.ActiveCfg = Debug|Any CPU
		{DAFA8FC9-CE13-48CA-BBC1-D5D4189523B0}.Debug|Any CPU.Build.0 = Debug|Any CPU
		{DAFA8FC9-CE13-48CA-BBC1-D5D4189523B0}.Release|Any CPU.ActiveCfg = Release|Any CPU
		{DAFA8FC9-CE13-48CA-BBC1-D5D4189523B0}.Release|Any CPU.Build.0 = Release|Any CPU
	EndGlobalSection
	GlobalSection(SolutionProperties) = preSolution
		HideSolutionNode = FALSE
	EndGlobalSection
	GlobalSection(ExtensibilityGlobals) = postSolution
		SolutionGuid = {5C923908-13CF-480F-BB8C-81BB87C9ECBA}
	EndGlobalSection
EndGlobal
