
Microsoft Visual Studio Solution File, Format Version 12.00
# Visual Studio Version 17
VisualStudioVersion = 17.14.36414.22 d17.14
MinimumVisualStudioVersion = 10.0.40219.1
Project("{FAE04EC0-301F-11D3-BF4B-00C04F79EFBC}") = "Dqh", "Dqh\Dqh.csproj", "{636291BE-B6FB-439C-8404-1DFF8187561D}"
EndProject
Global
	GlobalSection(SolutionConfigurationPlatforms) = preSolution
		Debug|Any CPU = Debug|Any CPU
		Release|Any CPU = Release|Any CPU
	EndGlobalSection
	GlobalSection(ProjectConfigurationPlatforms) = postSolution
		{636291BE-B6FB-439C-8404-1DFF8187561D}.Debug|Any CPU.ActiveCfg = Debug|Any CPU
		{636291BE-B6FB-439C-8404-1DFF8187561D}.Debug|Any CPU.Build.0 = Debug|Any CPU
		{636291BE-B6FB-439C-8404-1DFF8187561D}.Release|Any CPU.ActiveCfg = Release|Any CPU
		{636291BE-B6FB-439C-8404-1DFF8187561D}.Release|Any CPU.Build.0 = Release|Any CPU
	EndGlobalSection
	GlobalSection(SolutionProperties) = preSolution
		HideSolutionNode = FALSE
	EndGlobalSection
	GlobalSection(ExtensibilityGlobals) = postSolution
		SolutionGuid = {15A70637-D15D-486F-8FC6-4D6DAD9D8332}
	EndGlobalSection
EndGlobal
